
Microsoft Visual Studio Solution File, Format Version 12.00
# Visual Studio 14
VisualStudioVersion = 14.0.23107.0
MinimumVisualStudioVersion = 10.0.40219.1
Project("{FAE04EC0-301F-11D3-BF4B-00C04F79EFBC}") = "Game", "Game\Game.csproj", "{C99217F5-6F42-47F4-BB5A-6A59C359141B}"
EndProject
Project("{FAE04EC0-301F-11D3-BF4B-00C04F79EFBC}") = "ConsoleTest", "ConsoleTest\ConsoleTest.csproj", "{B28BDE7D-4F41-4DEF-96B1-62BD6ED3100A}"
EndProject
Global
	GlobalSection(SolutionConfigurationPlatforms) = preSolution
		Debug|Any CPU = Debug|Any CPU
		Release|Any CPU = Release|Any CPU
	EndGlobalSection
	GlobalSection(ProjectConfigurationPlatforms) = postSolution
		{C99217F5-6F42-47F4-BB5A-6A59C359141B}.Debug|Any CPU.ActiveCfg = Debug|Any CPU
		{C99217F5-6F42-47F4-BB5A-6A59C359141B}.Debug|Any CPU.Build.0 = Debug|Any CPU
		{C99217F5-6F42-47F4-BB5A-6A59C359141B}.Release|Any CPU.ActiveCfg = Release|Any CPU
		{C99217F5-6F42-47F4-BB5A-6A59C359141B}.Release|Any CPU.Build.0 = Release|Any CPU
		{B28BDE7D-4F41-4DEF-96B1-62BD6ED3100A}.Debug|Any CPU.ActiveCfg = Debug|Any CPU
		{B28BDE7D-4F41-4DEF-96B1-62BD6ED3100A}.Debug|Any CPU.Build.0 = Debug|Any CPU
		{B28BDE7D-4F41-4DEF-96B1-62BD6ED3100A}.Release|Any CPU.ActiveCfg = Release|Any CPU
		{B28BDE7D-4F41-4DEF-96B1-62BD6ED3100A}.Release|Any CPU.Build.0 = Release|Any CPU
	EndGlobalSection
	GlobalSection(SolutionProperties) = preSolution
		HideSolutionNode = FALSE
	EndGlobalSection
EndGlobal
